
Microsoft Visual Studio Solution File, Format Version 12.00
# Visual Studio Version 16
VisualStudioVersion = 16.0.30517.126
MinimumVisualStudioVersion = 10.0.40219.1
Project("{D954291E-2A0B-460D-934E-DC6B0785DB48}") = "HelloUno.Shared", "HelloUno\HelloUno.Shared\HelloUno.Shared.shproj", "{6279C845-92F8-4333-AB99-3D213163593C}"
EndProject
Project("{FAE04EC0-301F-11D3-BF4B-00C04F79EFBC}") = "HelloUno.Droid", "HelloUno\HelloUno.Droid\HelloUno.Droid.csproj", "{50262057-E695-4C40-B37B-1E39A728B5C7}"
EndProject
Project("{FAE04EC0-301F-11D3-BF4B-00C04F79EFBC}") = "HelloUno.iOS", "HelloUno\HelloUno.iOS\HelloUno.iOS.csproj", "{21F75FC4-D91B-4B54-B1AC-5847378D31D4}"
EndProject
Project("{FAE04EC0-301F-11D3-BF4B-00C04F79EFBC}") = "HelloUno.UWP", "HelloUno\HelloUno.UWP\HelloUno.UWP.csproj", "{4779442B-9456-4FF4-AE38-D3ABF5510FC2}"
EndProject
Project("{FAE04EC0-301F-11D3-BF4B-00C04F79EFBC}") = "HelloUno.Wasm", "HelloUno\HelloUno.Wasm\HelloUno.Wasm.csproj", "{AB7947D5-17ED-40B7-9BCF-3E367C49E8D2}"
EndProject
Project("{FAE04EC0-301F-11D3-BF4B-00C04F79EFBC}") = "HelloUno.macOS", "HelloUno\HelloUno.macOS\HelloUno.macOS.csproj", "{DF425548-DD70-4B1B-A903-470D539A0175}"
EndProject
Global
	GlobalSection(SharedMSBuildProjectFiles) = preSolution
		HelloUno\HelloUno.Shared\HelloUno.Shared.projitems*{21f75fc4-d91b-4b54-b1ac-5847378d31d4}*SharedItemsImports = 4
		HelloUno\HelloUno.Shared\HelloUno.Shared.projitems*{4779442b-9456-4ff4-ae38-d3abf5510fc2}*SharedItemsImports = 4
		HelloUno\HelloUno.Shared\HelloUno.Shared.projitems*{50262057-e695-4c40-b37b-1e39a728b5c7}*SharedItemsImports = 4
		HelloUno\HelloUno.Shared\HelloUno.Shared.projitems*{6279c845-92f8-4333-ab99-3d213163593c}*SharedItemsImports = 13
		HelloUno\HelloUno.Shared\HelloUno.Shared.projitems*{ab7947d5-17ed-40b7-9bcf-3e367c49e8d2}*SharedItemsImports = 5
		HelloUno\HelloUno.Shared\HelloUno.Shared.projitems*{df425548-dd70-4b1b-a903-470d539a0175}*SharedItemsImports = 4
	EndGlobalSection
	GlobalSection(SolutionConfigurationPlatforms) = preSolution
		Ad-Hoc|Any CPU = Ad-Hoc|Any CPU
		Ad-Hoc|ARM = Ad-Hoc|ARM
		Ad-Hoc|ARM64 = Ad-Hoc|ARM64
		Ad-Hoc|iPhone = Ad-Hoc|iPhone
		Ad-Hoc|iPhoneSimulator = Ad-Hoc|iPhoneSimulator
		Ad-Hoc|x64 = Ad-Hoc|x64
		Ad-Hoc|x86 = Ad-Hoc|x86
		AppStore|Any CPU = AppStore|Any CPU
		AppStore|ARM = AppStore|ARM
		AppStore|ARM64 = AppStore|ARM64
		AppStore|iPhone = AppStore|iPhone
		AppStore|iPhoneSimulator = AppStore|iPhoneSimulator
		AppStore|x64 = AppStore|x64
		AppStore|x86 = AppStore|x86
		Debug|Any CPU = Debug|Any CPU
		Debug|ARM = Debug|ARM
		Debug|ARM64 = Debug|ARM64
		Debug|iPhone = Debug|iPhone
		Debug|iPhoneSimulator = Debug|iPhoneSimulator
		Debug|x64 = Debug|x64
		Debug|x86 = Debug|x86
		Release|Any CPU = Release|Any CPU
		Release|ARM = Release|ARM
		Release|ARM64 = Release|ARM64
		Release|iPhone = Release|iPhone
		Release|iPhoneSimulator = Release|iPhoneSimulator
		Release|x64 = Release|x64
		Release|x86 = Release|x86
	EndGlobalSection
	GlobalSection(ProjectConfigurationPlatforms) = postSolution
		{50262057-E695-4C40-B37B-1E39A728B5C7}.Ad-Hoc|Any CPU.ActiveCfg = Debug|Any CPU
		{50262057-E695-4C40-B37B-1E39A728B5C7}.Ad-Hoc|Any CPU.Build.0 = Debug|Any CPU
		{50262057-E695-4C40-B37B-1E39A728B5C7}.Ad-Hoc|Any CPU.Deploy.0 = Debug|Any CPU
		{50262057-E695-4C40-B37B-1E39A728B5C7}.Ad-Hoc|ARM.ActiveCfg = Debug|Any CPU
		{50262057-E695-4C40-B37B-1E39A728B5C7}.Ad-Hoc|ARM.Build.0 = Debug|Any CPU
		{50262057-E695-4C40-B37B-1E39A728B5C7}.Ad-Hoc|ARM.Deploy.0 = Debug|Any CPU
		{50262057-E695-4C40-B37B-1E39A728B5C7}.Ad-Hoc|ARM64.ActiveCfg = Debug|Any CPU
		{50262057-E695-4C40-B37B-1E39A728B5C7}.Ad-Hoc|ARM64.Build.0 = Debug|Any CPU
		{50262057-E695-4C40-B37B-1E39A728B5C7}.Ad-Hoc|ARM64.Deploy.0 = Debug|Any CPU
		{50262057-E695-4C40-B37B-1E39A728B5C7}.Ad-Hoc|iPhone.ActiveCfg = Debug|Any CPU
		{50262057-E695-4C40-B37B-1E39A728B5C7}.Ad-Hoc|iPhone.Build.0 = Debug|Any CPU
		{50262057-E695-4C40-B37B-1E39A728B5C7}.Ad-Hoc|iPhone.Deploy.0 = Debug|Any CPU
		{50262057-E695-4C40-B37B-1E39A728B5C7}.Ad-Hoc|iPhoneSimulator.ActiveCfg = Debug|Any CPU
		{50262057-E695-4C40-B37B-1E39A728B5C7}.Ad-Hoc|iPhoneSimulator.Build.0 = Debug|Any CPU
		{50262057-E695-4C40-B37B-1E39A728B5C7}.Ad-Hoc|iPhoneSimulator.Deploy.0 = Debug|Any CPU
		{50262057-E695-4C40-B37B-1E39A728B5C7}.Ad-Hoc|x64.ActiveCfg = Debug|Any CPU
		{50262057-E695-4C40-B37B-1E39A728B5C7}.Ad-Hoc|x64.Build.0 = Debug|Any CPU
		{50262057-E695-4C40-B37B-1E39A728B5C7}.Ad-Hoc|x64.Deploy.0 = Debug|Any CPU
		{50262057-E695-4C40-B37B-1E39A728B5C7}.Ad-Hoc|x86.ActiveCfg = Debug|Any CPU
		{50262057-E695-4C40-B37B-1E39A728B5C7}.Ad-Hoc|x86.Build.0 = Debug|Any CPU
		{50262057-E695-4C40-B37B-1E39A728B5C7}.Ad-Hoc|x86.Deploy.0 = Debug|Any CPU
		{50262057-E695-4C40-B37B-1E39A728B5C7}.AppStore|Any CPU.ActiveCfg = Debug|Any CPU
		{50262057-E695-4C40-B37B-1E39A728B5C7}.AppStore|Any CPU.Build.0 = Debug|Any CPU
		{50262057-E695-4C40-B37B-1E39A728B5C7}.AppStore|Any CPU.Deploy.0 = Debug|Any CPU
		{50262057-E695-4C40-B37B-1E39A728B5C7}.AppStore|ARM.ActiveCfg = Debug|Any CPU
		{50262057-E695-4C40-B37B-1E39A728B5C7}.AppStore|ARM.Build.0 = Debug|Any CPU
		{50262057-E695-4C40-B37B-1E39A728B5C7}.AppStore|ARM.Deploy.0 = Debug|Any CPU
		{50262057-E695-4C40-B37B-1E39A728B5C7}.AppStore|ARM64.ActiveCfg = Debug|Any CPU
		{50262057-E695-4C40-B37B-1E39A728B5C7}.AppStore|ARM64.Build.0 = Debug|Any CPU
		{50262057-E695-4C40-B37B-1E39A728B5C7}.AppStore|ARM64.Deploy.0 = Debug|Any CPU
		{50262057-E695-4C40-B37B-1E39A728B5C7}.AppStore|iPhone.ActiveCfg = Debug|Any CPU
		{50262057-E695-4C40-B37B-1E39A728B5C7}.AppStore|iPhone.Build.0 = Debug|Any CPU
		{50262057-E695-4C40-B37B-1E39A728B5C7}.AppStore|iPhone.Deploy.0 = Debug|Any CPU
		{50262057-E695-4C40-B37B-1E39A728B5C7}.AppStore|iPhoneSimulator.ActiveCfg = Debug|Any CPU
		{50262057-E695-4C40-B37B-1E39A728B5C7}.AppStore|iPhoneSimulator.Build.0 = Debug|Any CPU
		{50262057-E695-4C40-B37B-1E39A728B5C7}.AppStore|iPhoneSimulator.Deploy.0 = Debug|Any CPU
		{50262057-E695-4C40-B37B-1E39A728B5C7}.AppStore|x64.ActiveCfg = Debug|Any CPU
		{50262057-E695-4C40-B37B-1E39A728B5C7}.AppStore|x64.Build.0 = Debug|Any CPU
		{50262057-E695-4C40-B37B-1E39A728B5C7}.AppStore|x64.Deploy.0 = Debug|Any CPU
		{50262057-E695-4C40-B37B-1E39A728B5C7}.AppStore|x86.ActiveCfg = Debug|Any CPU
		{50262057-E695-4C40-B37B-1E39A728B5C7}.AppStore|x86.Build.0 = Debug|Any CPU
		{50262057-E695-4C40-B37B-1E39A728B5C7}.AppStore|x86.Deploy.0 = Debug|Any CPU
		{50262057-E695-4C40-B37B-1E39A728B5C7}.Debug|Any CPU.ActiveCfg = Debug|Any CPU
		{50262057-E695-4C40-B37B-1E39A728B5C7}.Debug|Any CPU.Build.0 = Debug|Any CPU
		{50262057-E695-4C40-B37B-1E39A728B5C7}.Debug|Any CPU.Deploy.0 = Debug|Any CPU
		{50262057-E695-4C40-B37B-1E39A728B5C7}.Debug|ARM.ActiveCfg = Debug|Any CPU
		{50262057-E695-4C40-B37B-1E39A728B5C7}.Debug|ARM.Build.0 = Debug|Any CPU
		{50262057-E695-4C40-B37B-1E39A728B5C7}.Debug|ARM.Deploy.0 = Debug|Any CPU
		{50262057-E695-4C40-B37B-1E39A728B5C7}.Debug|ARM64.ActiveCfg = Debug|Any CPU
		{50262057-E695-4C40-B37B-1E39A728B5C7}.Debug|ARM64.Build.0 = Debug|Any CPU
		{50262057-E695-4C40-B37B-1E39A728B5C7}.Debug|ARM64.Deploy.0 = Debug|Any CPU
		{50262057-E695-4C40-B37B-1E39A728B5C7}.Debug|iPhone.ActiveCfg = Debug|Any CPU
		{50262057-E695-4C40-B37B-1E39A728B5C7}.Debug|iPhone.Build.0 = Debug|Any CPU
		{50262057-E695-4C40-B37B-1E39A728B5C7}.Debug|iPhone.Deploy.0 = Debug|Any CPU
		{50262057-E695-4C40-B37B-1E39A728B5C7}.Debug|iPhoneSimulator.ActiveCfg = Debug|Any CPU
		{50262057-E695-4C40-B37B-1E39A728B5C7}.Debug|iPhoneSimulator.Build.0 = Debug|Any CPU
		{50262057-E695-4C40-B37B-1E39A728B5C7}.Debug|iPhoneSimulator.Deploy.0 = Debug|Any CPU
		{50262057-E695-4C40-B37B-1E39A728B5C7}.Debug|x64.ActiveCfg = Debug|Any CPU
		{50262057-E695-4C40-B37B-1E39A728B5C7}.Debug|x64.Build.0 = Debug|Any CPU
		{50262057-E695-4C40-B37B-1E39A728B5C7}.Debug|x64.Deploy.0 = Debug|Any CPU
		{50262057-E695-4C40-B37B-1E39A728B5C7}.Debug|x86.ActiveCfg = Debug|Any CPU
		{50262057-E695-4C40-B37B-1E39A728B5C7}.Debug|x86.Build.0 = Debug|Any CPU
		{50262057-E695-4C40-B37B-1E39A728B5C7}.Debug|x86.Deploy.0 = Debug|Any CPU
		{50262057-E695-4C40-B37B-1E39A728B5C7}.Release|Any CPU.ActiveCfg = Release|Any CPU
		{50262057-E695-4C40-B37B-1E39A728B5C7}.Release|Any CPU.Build.0 = Release|Any CPU
		{50262057-E695-4C40-B37B-1E39A728B5C7}.Release|Any CPU.Deploy.0 = Release|Any CPU
		{50262057-E695-4C40-B37B-1E39A728B5C7}.Release|ARM.ActiveCfg = Release|Any CPU
		{50262057-E695-4C40-B37B-1E39A728B5C7}.Release|ARM.Build.0 = Release|Any CPU
		{50262057-E695-4C40-B37B-1E39A728B5C7}.Release|ARM.Deploy.0 = Release|Any CPU
		{50262057-E695-4C40-B37B-1E39A728B5C7}.Release|ARM64.ActiveCfg = Release|Any CPU
		{50262057-E695-4C40-B37B-1E39A728B5C7}.Release|ARM64.Build.0 = Release|Any CPU
		{50262057-E695-4C40-B37B-1E39A728B5C7}.Release|ARM64.Deploy.0 = Release|Any CPU
		{50262057-E695-4C40-B37B-1E39A728B5C7}.Release|iPhone.ActiveCfg = Release|Any CPU
		{50262057-E695-4C40-B37B-1E39A728B5C7}.Release|iPhone.Build.0 = Release|Any CPU
		{50262057-E695-4C40-B37B-1E39A728B5C7}.Release|iPhone.Deploy.0 = Release|Any CPU
		{50262057-E695-4C40-B37B-1E39A728B5C7}.Release|iPhoneSimulator.ActiveCfg = Release|Any CPU
		{50262057-E695-4C40-B37B-1E39A728B5C7}.Release|iPhoneSimulator.Build.0 = Release|Any CPU
		{50262057-E695-4C40-B37B-1E39A728B5C7}.Release|iPhoneSimulator.Deploy.0 = Release|Any CPU
		{50262057-E695-4C40-B37B-1E39A728B5C7}.Release|x64.ActiveCfg = Release|Any CPU
		{50262057-E695-4C40-B37B-1E39A728B5C7}.Release|x64.Build.0 = Release|Any CPU
		{50262057-E695-4C40-B37B-1E39A728B5C7}.Release|x64.Deploy.0 = Release|Any CPU
		{50262057-E695-4C40-B37B-1E39A728B5C7}.Release|x86.ActiveCfg = Release|Any CPU
		{50262057-E695-4C40-B37B-1E39A728B5C7}.Release|x86.Build.0 = Release|Any CPU
		{50262057-E695-4C40-B37B-1E39A728B5C7}.Release|x86.Deploy.0 = Release|Any CPU
		{21F75FC4-D91B-4B54-B1AC-5847378D31D4}.Ad-Hoc|Any CPU.ActiveCfg = Ad-Hoc|iPhoneSimulator
		{21F75FC4-D91B-4B54-B1AC-5847378D31D4}.Ad-Hoc|ARM.ActiveCfg = Ad-Hoc|iPhoneSimulator
		{21F75FC4-D91B-4B54-B1AC-5847378D31D4}.Ad-Hoc|ARM64.ActiveCfg = Ad-Hoc|iPhoneSimulator
		{21F75FC4-D91B-4B54-B1AC-5847378D31D4}.Ad-Hoc|iPhone.ActiveCfg = Ad-Hoc|iPhone
		{21F75FC4-D91B-4B54-B1AC-5847378D31D4}.Ad-Hoc|iPhone.Build.0 = Ad-Hoc|iPhone
		{21F75FC4-D91B-4B54-B1AC-5847378D31D4}.Ad-Hoc|iPhoneSimulator.ActiveCfg = Ad-Hoc|iPhoneSimulator
		{21F75FC4-D91B-4B54-B1AC-5847378D31D4}.Ad-Hoc|iPhoneSimulator.Build.0 = Ad-Hoc|iPhoneSimulator
		{21F75FC4-D91B-4B54-B1AC-5847378D31D4}.Ad-Hoc|x64.ActiveCfg = Ad-Hoc|iPhoneSimulator
		{21F75FC4-D91B-4B54-B1AC-5847378D31D4}.Ad-Hoc|x86.ActiveCfg = Ad-Hoc|iPhoneSimulator
		{21F75FC4-D91B-4B54-B1AC-5847378D31D4}.AppStore|Any CPU.ActiveCfg = AppStore|iPhoneSimulator
		{21F75FC4-D91B-4B54-B1AC-5847378D31D4}.AppStore|ARM.ActiveCfg = AppStore|iPhoneSimulator
		{21F75FC4-D91B-4B54-B1AC-5847378D31D4}.AppStore|ARM64.ActiveCfg = AppStore|iPhoneSimulator
		{21F75FC4-D91B-4B54-B1AC-5847378D31D4}.AppStore|iPhone.ActiveCfg = AppStore|iPhone
		{21F75FC4-D91B-4B54-B1AC-5847378D31D4}.AppStore|iPhone.Build.0 = AppStore|iPhone
		{21F75FC4-D91B-4B54-B1AC-5847378D31D4}.AppStore|iPhoneSimulator.ActiveCfg = AppStore|iPhoneSimulator
		{21F75FC4-D91B-4B54-B1AC-5847378D31D4}.AppStore|iPhoneSimulator.Build.0 = AppStore|iPhoneSimulator
		{21F75FC4-D91B-4B54-B1AC-5847378D31D4}.AppStore|x64.ActiveCfg = AppStore|iPhoneSimulator
		{21F75FC4-D91B-4B54-B1AC-5847378D31D4}.AppStore|x86.ActiveCfg = AppStore|iPhoneSimulator
		{21F75FC4-D91B-4B54-B1AC-5847378D31D4}.Debug|Any CPU.ActiveCfg = Debug|iPhoneSimulator
		{21F75FC4-D91B-4B54-B1AC-5847378D31D4}.Debug|ARM.ActiveCfg = Debug|iPhoneSimulator
		{21F75FC4-D91B-4B54-B1AC-5847378D31D4}.Debug|ARM64.ActiveCfg = Debug|iPhoneSimulator
		{21F75FC4-D91B-4B54-B1AC-5847378D31D4}.Debug|iPhone.ActiveCfg = Debug|iPhone
		{21F75FC4-D91B-4B54-B1AC-5847378D31D4}.Debug|iPhone.Build.0 = Debug|iPhone
		{21F75FC4-D91B-4B54-B1AC-5847378D31D4}.Debug|iPhoneSimulator.ActiveCfg = Debug|iPhoneSimulator
		{21F75FC4-D91B-4B54-B1AC-5847378D31D4}.Debug|iPhoneSimulator.Build.0 = Debug|iPhoneSimulator
		{21F75FC4-D91B-4B54-B1AC-5847378D31D4}.Debug|x64.ActiveCfg = Debug|iPhoneSimulator
		{21F75FC4-D91B-4B54-B1AC-5847378D31D4}.Debug|x86.ActiveCfg = Debug|iPhoneSimulator
		{21F75FC4-D91B-4B54-B1AC-5847378D31D4}.Release|Any CPU.ActiveCfg = Release|iPhoneSimulator
		{21F75FC4-D91B-4B54-B1AC-5847378D31D4}.Release|ARM.ActiveCfg = Release|iPhoneSimulator
		{21F75FC4-D91B-4B54-B1AC-5847378D31D4}.Release|ARM64.ActiveCfg = Release|iPhoneSimulator
		{21F75FC4-D91B-4B54-B1AC-5847378D31D4}.Release|iPhone.ActiveCfg = Release|iPhone
		{21F75FC4-D91B-4B54-B1AC-5847378D31D4}.Release|iPhone.Build.0 = Release|iPhone
		{21F75FC4-D91B-4B54-B1AC-5847378D31D4}.Release|iPhoneSimulator.ActiveCfg = Release|iPhoneSimulator
		{21F75FC4-D91B-4B54-B1AC-5847378D31D4}.Release|iPhoneSimulator.Build.0 = Release|iPhoneSimulator
		{21F75FC4-D91B-4B54-B1AC-5847378D31D4}.Release|x64.ActiveCfg = Release|iPhoneSimulator
		{21F75FC4-D91B-4B54-B1AC-5847378D31D4}.Release|x86.ActiveCfg = Release|iPhoneSimulator
		{4779442B-9456-4FF4-AE38-D3ABF5510FC2}.Ad-Hoc|Any CPU.ActiveCfg = Debug|x86
		{4779442B-9456-4FF4-AE38-D3ABF5510FC2}.Ad-Hoc|Any CPU.Build.0 = Debug|x86
		{4779442B-9456-4FF4-AE38-D3ABF5510FC2}.Ad-Hoc|Any CPU.Deploy.0 = Debug|x86
		{4779442B-9456-4FF4-AE38-D3ABF5510FC2}.Ad-Hoc|ARM.ActiveCfg = Debug|ARM
		{4779442B-9456-4FF4-AE38-D3ABF5510FC2}.Ad-Hoc|ARM.Build.0 = Debug|ARM
		{4779442B-9456-4FF4-AE38-D3ABF5510FC2}.Ad-Hoc|ARM.Deploy.0 = Debug|ARM
		{4779442B-9456-4FF4-AE38-D3ABF5510FC2}.Ad-Hoc|ARM64.ActiveCfg = Debug|ARM64
		{4779442B-9456-4FF4-AE38-D3ABF5510FC2}.Ad-Hoc|ARM64.Build.0 = Debug|ARM64
		{4779442B-9456-4FF4-AE38-D3ABF5510FC2}.Ad-Hoc|ARM64.Deploy.0 = Debug|ARM64
		{4779442B-9456-4FF4-AE38-D3ABF5510FC2}.Ad-Hoc|iPhone.ActiveCfg = Debug|x86
		{4779442B-9456-4FF4-AE38-D3ABF5510FC2}.Ad-Hoc|iPhone.Build.0 = Debug|x86
		{4779442B-9456-4FF4-AE38-D3ABF5510FC2}.Ad-Hoc|iPhone.Deploy.0 = Debug|x86
		{4779442B-9456-4FF4-AE38-D3ABF5510FC2}.Ad-Hoc|iPhoneSimulator.ActiveCfg = Debug|x86
		{4779442B-9456-4FF4-AE38-D3ABF5510FC2}.Ad-Hoc|iPhoneSimulator.Build.0 = Debug|x86
		{4779442B-9456-4FF4-AE38-D3ABF5510FC2}.Ad-Hoc|iPhoneSimulator.Deploy.0 = Debug|x86
		{4779442B-9456-4FF4-AE38-D3ABF5510FC2}.Ad-Hoc|x64.ActiveCfg = Debug|x64
		{4779442B-9456-4FF4-AE38-D3ABF5510FC2}.Ad-Hoc|x64.Build.0 = Debug|x64
		{4779442B-9456-4FF4-AE38-D3ABF5510FC2}.Ad-Hoc|x64.Deploy.0 = Debug|x64
		{4779442B-9456-4FF4-AE38-D3ABF5510FC2}.Ad-Hoc|x86.ActiveCfg = Debug|x86
		{4779442B-9456-4FF4-AE38-D3ABF5510FC2}.Ad-Hoc|x86.Build.0 = Debug|x86
		{4779442B-9456-4FF4-AE38-D3ABF5510FC2}.Ad-Hoc|x86.Deploy.0 = Debug|x86
		{4779442B-9456-4FF4-AE38-D3ABF5510FC2}.AppStore|Any CPU.ActiveCfg = Debug|x86
		{4779442B-9456-4FF4-AE38-D3ABF5510FC2}.AppStore|Any CPU.Build.0 = Debug|x86
		{4779442B-9456-4FF4-AE38-D3ABF5510FC2}.AppStore|Any CPU.Deploy.0 = Debug|x86
		{4779442B-9456-4FF4-AE38-D3ABF5510FC2}.AppStore|ARM.ActiveCfg = Debug|ARM
		{4779442B-9456-4FF4-AE38-D3ABF5510FC2}.AppStore|ARM.Build.0 = Debug|ARM
		{4779442B-9456-4FF4-AE38-D3ABF5510FC2}.AppStore|ARM.Deploy.0 = Debug|ARM
		{4779442B-9456-4FF4-AE38-D3ABF5510FC2}.AppStore|ARM64.ActiveCfg = Debug|ARM64
		{4779442B-9456-4FF4-AE38-D3ABF5510FC2}.AppStore|ARM64.Build.0 = Debug|ARM64
		{4779442B-9456-4FF4-AE38-D3ABF5510FC2}.AppStore|ARM64.Deploy.0 = Debug|ARM64
		{4779442B-9456-4FF4-AE38-D3ABF5510FC2}.AppStore|iPhone.ActiveCfg = Debug|x86
		{4779442B-9456-4FF4-AE38-D3ABF5510FC2}.AppStore|iPhone.Build.0 = Debug|x86
		{4779442B-9456-4FF4-AE38-D3ABF5510FC2}.AppStore|iPhone.Deploy.0 = Debug|x86
		{4779442B-9456-4FF4-AE38-D3ABF5510FC2}.AppStore|iPhoneSimulator.ActiveCfg = Debug|x86
		{4779442B-9456-4FF4-AE38-D3ABF5510FC2}.AppStore|iPhoneSimulator.Build.0 = Debug|x86
		{4779442B-9456-4FF4-AE38-D3ABF5510FC2}.AppStore|iPhoneSimulator.Deploy.0 = Debug|x86
		{4779442B-9456-4FF4-AE38-D3ABF5510FC2}.AppStore|x64.ActiveCfg = Debug|x64
		{4779442B-9456-4FF4-AE38-D3ABF5510FC2}.AppStore|x64.Build.0 = Debug|x64
		{4779442B-9456-4FF4-AE38-D3ABF5510FC2}.AppStore|x64.Deploy.0 = Debug|x64
		{4779442B-9456-4FF4-AE38-D3ABF5510FC2}.AppStore|x86.ActiveCfg = Debug|x86
		{4779442B-9456-4FF4-AE38-D3ABF5510FC2}.AppStore|x86.Build.0 = Debug|x86
		{4779442B-9456-4FF4-AE38-D3ABF5510FC2}.AppStore|x86.Deploy.0 = Debug|x86
		{4779442B-9456-4FF4-AE38-D3ABF5510FC2}.Debug|Any CPU.ActiveCfg = Debug|x86
		{4779442B-9456-4FF4-AE38-D3ABF5510FC2}.Debug|ARM.ActiveCfg = Debug|ARM
		{4779442B-9456-4FF4-AE38-D3ABF5510FC2}.Debug|ARM.Build.0 = Debug|ARM
		{4779442B-9456-4FF4-AE38-D3ABF5510FC2}.Debug|ARM.Deploy.0 = Debug|ARM
		{4779442B-9456-4FF4-AE38-D3ABF5510FC2}.Debug|ARM64.ActiveCfg = Debug|ARM64
		{4779442B-9456-4FF4-AE38-D3ABF5510FC2}.Debug|ARM64.Build.0 = Debug|ARM64
		{4779442B-9456-4FF4-AE38-D3ABF5510FC2}.Debug|ARM64.Deploy.0 = Debug|ARM64
		{4779442B-9456-4FF4-AE38-D3ABF5510FC2}.Debug|iPhone.ActiveCfg = Debug|x86
		{4779442B-9456-4FF4-AE38-D3ABF5510FC2}.Debug|iPhoneSimulator.ActiveCfg = Debug|x86
		{4779442B-9456-4FF4-AE38-D3ABF5510FC2}.Debug|x64.ActiveCfg = Debug|x64
		{4779442B-9456-4FF4-AE38-D3ABF5510FC2}.Debug|x64.Build.0 = Debug|x64
		{4779442B-9456-4FF4-AE38-D3ABF5510FC2}.Debug|x64.Deploy.0 = Debug|x64
		{4779442B-9456-4FF4-AE38-D3ABF5510FC2}.Debug|x86.ActiveCfg = Debug|x86
		{4779442B-9456-4FF4-AE38-D3ABF5510FC2}.Debug|x86.Build.0 = Debug|x86
		{4779442B-9456-4FF4-AE38-D3ABF5510FC2}.Debug|x86.Deploy.0 = Debug|x86
		{4779442B-9456-4FF4-AE38-D3ABF5510FC2}.Release|Any CPU.ActiveCfg = Release|x86
		{4779442B-9456-4FF4-AE38-D3ABF5510FC2}.Release|ARM.ActiveCfg = Release|ARM
		{4779442B-9456-4FF4-AE38-D3ABF5510FC2}.Release|ARM.Build.0 = Release|ARM
		{4779442B-9456-4FF4-AE38-D3ABF5510FC2}.Release|ARM.Deploy.0 = Release|ARM
		{4779442B-9456-4FF4-AE38-D3ABF5510FC2}.Release|ARM64.ActiveCfg = Release|ARM64
		{4779442B-9456-4FF4-AE38-D3ABF5510FC2}.Release|ARM64.Build.0 = Release|ARM64
		{4779442B-9456-4FF4-AE38-D3ABF5510FC2}.Release|ARM64.Deploy.0 = Release|ARM64
		{4779442B-9456-4FF4-AE38-D3ABF5510FC2}.Release|iPhone.ActiveCfg = Release|x86
		{4779442B-9456-4FF4-AE38-D3ABF5510FC2}.Release|iPhoneSimulator.ActiveCfg = Release|x86
		{4779442B-9456-4FF4-AE38-D3ABF5510FC2}.Release|x64.ActiveCfg = Release|x64
		{4779442B-9456-4FF4-AE38-D3ABF5510FC2}.Release|x64.Build.0 = Release|x64
		{4779442B-9456-4FF4-AE38-D3ABF5510FC2}.Release|x64.Deploy.0 = Release|x64
		{4779442B-9456-4FF4-AE38-D3ABF5510FC2}.Release|x86.ActiveCfg = Release|x86
		{4779442B-9456-4FF4-AE38-D3ABF5510FC2}.Release|x86.Build.0 = Release|x86
		{4779442B-9456-4FF4-AE38-D3ABF5510FC2}.Release|x86.Deploy.0 = Release|x86
		{AB7947D5-17ED-40B7-9BCF-3E367C49E8D2}.Ad-Hoc|Any CPU.ActiveCfg = Release|Any CPU
		{AB7947D5-17ED-40B7-9BCF-3E367C49E8D2}.Ad-Hoc|Any CPU.Build.0 = Release|Any CPU
		{AB7947D5-17ED-40B7-9BCF-3E367C49E8D2}.Ad-Hoc|ARM.ActiveCfg = Release|Any CPU
		{AB7947D5-17ED-40B7-9BCF-3E367C49E8D2}.Ad-Hoc|ARM.Build.0 = Release|Any CPU
		{AB7947D5-17ED-40B7-9BCF-3E367C49E8D2}.Ad-Hoc|ARM64.ActiveCfg = Release|Any CPU
		{AB7947D5-17ED-40B7-9BCF-3E367C49E8D2}.Ad-Hoc|ARM64.Build.0 = Release|Any CPU
		{AB7947D5-17ED-40B7-9BCF-3E367C49E8D2}.Ad-Hoc|iPhone.ActiveCfg = Release|Any CPU
		{AB7947D5-17ED-40B7-9BCF-3E367C49E8D2}.Ad-Hoc|iPhone.Build.0 = Release|Any CPU
		{AB7947D5-17ED-40B7-9BCF-3E367C49E8D2}.Ad-Hoc|iPhoneSimulator.ActiveCfg = Release|Any CPU
		{AB7947D5-17ED-40B7-9BCF-3E367C49E8D2}.Ad-Hoc|iPhoneSimulator.Build.0 = Release|Any CPU
		{AB7947D5-17ED-40B7-9BCF-3E367C49E8D2}.Ad-Hoc|x64.ActiveCfg = Release|Any CPU
		{AB7947D5-17ED-40B7-9BCF-3E367C49E8D2}.Ad-Hoc|x64.Build.0 = Release|Any CPU
		{AB7947D5-17ED-40B7-9BCF-3E367C49E8D2}.Ad-Hoc|x86.ActiveCfg = Release|Any CPU
		{AB7947D5-17ED-40B7-9BCF-3E367C49E8D2}.Ad-Hoc|x86.Build.0 = Release|Any CPU
		{AB7947D5-17ED-40B7-9BCF-3E367C49E8D2}.AppStore|Any CPU.ActiveCfg = Release|Any CPU
		{AB7947D5-17ED-40B7-9BCF-3E367C49E8D2}.AppStore|Any CPU.Build.0 = Release|Any CPU
		{AB7947D5-17ED-40B7-9BCF-3E367C49E8D2}.AppStore|ARM.ActiveCfg = Release|Any CPU
		{AB7947D5-17ED-40B7-9BCF-3E367C49E8D2}.AppStore|ARM.Build.0 = Release|Any CPU
		{AB7947D5-17ED-40B7-9BCF-3E367C49E8D2}.AppStore|ARM64.ActiveCfg = Release|Any CPU
		{AB7947D5-17ED-40B7-9BCF-3E367C49E8D2}.AppStore|ARM64.Build.0 = Release|Any CPU
		{AB7947D5-17ED-40B7-9BCF-3E367C49E8D2}.AppStore|iPhone.ActiveCfg = Release|Any CPU
		{AB7947D5-17ED-40B7-9BCF-3E367C49E8D2}.AppStore|iPhone.Build.0 = Release|Any CPU
		{AB7947D5-17ED-40B7-9BCF-3E367C49E8D2}.AppStore|iPhoneSimulator.ActiveCfg = Release|Any CPU
		{AB7947D5-17ED-40B7-9BCF-3E367C49E8D2}.AppStore|iPhoneSimulator.Build.0 = Release|Any CPU
		{AB7947D5-17ED-40B7-9BCF-3E367C49E8D2}.AppStore|x64.ActiveCfg = Release|Any CPU
		{AB7947D5-17ED-40B7-9BCF-3E367C49E8D2}.AppStore|x64.Build.0 = Release|Any CPU
		{AB7947D5-17ED-40B7-9BCF-3E367C49E8D2}.AppStore|x86.ActiveCfg = Release|Any CPU
		{AB7947D5-17ED-40B7-9BCF-3E367C49E8D2}.AppStore|x86.Build.0 = Release|Any CPU
		{AB7947D5-17ED-40B7-9BCF-3E367C49E8D2}.Debug|Any CPU.ActiveCfg = Debug|Any CPU
		{AB7947D5-17ED-40B7-9BCF-3E367C49E8D2}.Debug|Any CPU.Build.0 = Debug|Any CPU
		{AB7947D5-17ED-40B7-9BCF-3E367C49E8D2}.Debug|ARM.ActiveCfg = Debug|Any CPU
		{AB7947D5-17ED-40B7-9BCF-3E367C49E8D2}.Debug|ARM.Build.0 = Debug|Any CPU
		{AB7947D5-17ED-40B7-9BCF-3E367C49E8D2}.Debug|ARM64.ActiveCfg = Debug|Any CPU
		{AB7947D5-17ED-40B7-9BCF-3E367C49E8D2}.Debug|ARM64.Build.0 = Debug|Any CPU
		{AB7947D5-17ED-40B7-9BCF-3E367C49E8D2}.Debug|iPhone.ActiveCfg = Debug|Any CPU
		{AB7947D5-17ED-40B7-9BCF-3E367C49E8D2}.Debug|iPhone.Build.0 = Debug|Any CPU
		{AB7947D5-17ED-40B7-9BCF-3E367C49E8D2}.Debug|iPhoneSimulator.ActiveCfg = Debug|Any CPU
		{AB7947D5-17ED-40B7-9BCF-3E367C49E8D2}.Debug|iPhoneSimulator.Build.0 = Debug|Any CPU
		{AB7947D5-17ED-40B7-9BCF-3E367C49E8D2}.Debug|x64.ActiveCfg = Debug|Any CPU
		{AB7947D5-17ED-40B7-9BCF-3E367C49E8D2}.Debug|x64.Build.0 = Debug|Any CPU
		{AB7947D5-17ED-40B7-9BCF-3E367C49E8D2}.Debug|x86.ActiveCfg = Debug|Any CPU
		{AB7947D5-17ED-40B7-9BCF-3E367C49E8D2}.Debug|x86.Build.0 = Debug|Any CPU
		{AB7947D5-17ED-40B7-9BCF-3E367C49E8D2}.Release|Any CPU.ActiveCfg = Release|Any CPU
		{AB7947D5-17ED-40B7-9BCF-3E367C49E8D2}.Release|Any CPU.Build.0 = Release|Any CPU
		{AB7947D5-17ED-40B7-9BCF-3E367C49E8D2}.Release|ARM.ActiveCfg = Release|Any CPU
		{AB7947D5-17ED-40B7-9BCF-3E367C49E8D2}.Release|ARM.Build.0 = Release|Any CPU
		{AB7947D5-17ED-40B7-9BCF-3E367C49E8D2}.Release|ARM64.ActiveCfg = Release|Any CPU
		{AB7947D5-17ED-40B7-9BCF-3E367C49E8D2}.Release|ARM64.Build.0 = Release|Any CPU
		{AB7947D5-17ED-40B7-9BCF-3E367C49E8D2}.Release|iPhone.ActiveCfg = Release|Any CPU
		{AB7947D5-17ED-40B7-9BCF-3E367C49E8D2}.Release|iPhone.Build.0 = Release|Any CPU
		{AB7947D5-17ED-40B7-9BCF-3E367C49E8D2}.Release|iPhoneSimulator.ActiveCfg = Release|Any CPU
		{AB7947D5-17ED-40B7-9BCF-3E367C49E8D2}.Release|iPhoneSimulator.Build.0 = Release|Any CPU
		{AB7947D5-17ED-40B7-9BCF-3E367C49E8D2}.Release|x64.ActiveCfg = Release|Any CPU
		{AB7947D5-17ED-40B7-9BCF-3E367C49E8D2}.Release|x64.Build.0 = Release|Any CPU
		{AB7947D5-17ED-40B7-9BCF-3E367C49E8D2}.Release|x86.ActiveCfg = Release|Any CPU
		{AB7947D5-17ED-40B7-9BCF-3E367C49E8D2}.Release|x86.Build.0 = Release|Any CPU
		{DF425548-DD70-4B1B-A903-470D539A0175}.Ad-Hoc|Any CPU.ActiveCfg = Debug|iPhoneSimulator
		{DF425548-DD70-4B1B-A903-470D539A0175}.Ad-Hoc|Any CPU.Build.0 = Debug|iPhoneSimulator
		{DF425548-DD70-4B1B-A903-470D539A0175}.Ad-Hoc|ARM.ActiveCfg = Debug|iPhoneSimulator
		{DF425548-DD70-4B1B-A903-470D539A0175}.Ad-Hoc|ARM.Build.0 = Debug|iPhoneSimulator
		{DF425548-DD70-4B1B-A903-470D539A0175}.Ad-Hoc|ARM64.ActiveCfg = Debug|iPhoneSimulator
		{DF425548-DD70-4B1B-A903-470D539A0175}.Ad-Hoc|ARM64.Build.0 = Debug|iPhoneSimulator
		{DF425548-DD70-4B1B-A903-470D539A0175}.Ad-Hoc|iPhone.ActiveCfg = Debug|iPhoneSimulator
		{DF425548-DD70-4B1B-A903-470D539A0175}.Ad-Hoc|iPhone.Build.0 = Debug|iPhoneSimulator
		{DF425548-DD70-4B1B-A903-470D539A0175}.Ad-Hoc|iPhoneSimulator.ActiveCfg = Debug|iPhoneSimulator
		{DF425548-DD70-4B1B-A903-470D539A0175}.Ad-Hoc|iPhoneSimulator.Build.0 = Debug|iPhoneSimulator
		{DF425548-DD70-4B1B-A903-470D539A0175}.Ad-Hoc|x64.ActiveCfg = Debug|iPhoneSimulator
		{DF425548-DD70-4B1B-A903-470D539A0175}.Ad-Hoc|x64.Build.0 = Debug|iPhoneSimulator
		{DF425548-DD70-4B1B-A903-470D539A0175}.Ad-Hoc|x86.ActiveCfg = Debug|iPhoneSimulator
		{DF425548-DD70-4B1B-A903-470D539A0175}.Ad-Hoc|x86.Build.0 = Debug|iPhoneSimulator
		{DF425548-DD70-4B1B-A903-470D539A0175}.AppStore|Any CPU.ActiveCfg = Debug|iPhoneSimulator
		{DF425548-DD70-4B1B-A903-470D539A0175}.AppStore|Any CPU.Build.0 = Debug|iPhoneSimulator
		{DF425548-DD70-4B1B-A903-470D539A0175}.AppStore|ARM.ActiveCfg = Debug|iPhoneSimulator
		{DF425548-DD70-4B1B-A903-470D539A0175}.AppStore|ARM.Build.0 = Debug|iPhoneSimulator
		{DF425548-DD70-4B1B-A903-470D539A0175}.AppStore|ARM64.ActiveCfg = Debug|iPhoneSimulator
		{DF425548-DD70-4B1B-A903-470D539A0175}.AppStore|ARM64.Build.0 = Debug|iPhoneSimulator
		{DF425548-DD70-4B1B-A903-470D539A0175}.AppStore|iPhone.ActiveCfg = Debug|iPhoneSimulator
		{DF425548-DD70-4B1B-A903-470D539A0175}.AppStore|iPhone.Build.0 = Debug|iPhoneSimulator
		{DF425548-DD70-4B1B-A903-470D539A0175}.AppStore|iPhoneSimulator.ActiveCfg = Debug|iPhoneSimulator
		{DF425548-DD70-4B1B-A903-470D539A0175}.AppStore|iPhoneSimulator.Build.0 = Debug|iPhoneSimulator
		{DF425548-DD70-4B1B-A903-470D539A0175}.AppStore|x64.ActiveCfg = Debug|iPhoneSimulator
		{DF425548-DD70-4B1B-A903-470D539A0175}.AppStore|x64.Build.0 = Debug|iPhoneSimulator
		{DF425548-DD70-4B1B-A903-470D539A0175}.AppStore|x86.ActiveCfg = Debug|iPhoneSimulator
		{DF425548-DD70-4B1B-A903-470D539A0175}.AppStore|x86.Build.0 = Debug|iPhoneSimulator
		{DF425548-DD70-4B1B-A903-470D539A0175}.Debug|Any CPU.ActiveCfg = Debug|iPhoneSimulator
		{DF425548-DD70-4B1B-A903-470D539A0175}.Debug|ARM.ActiveCfg = Debug|iPhoneSimulator
		{DF425548-DD70-4B1B-A903-470D539A0175}.Debug|ARM64.ActiveCfg = Debug|iPhoneSimulator
		{DF425548-DD70-4B1B-A903-470D539A0175}.Debug|iPhone.ActiveCfg = Debug|iPhoneSimulator
		{DF425548-DD70-4B1B-A903-470D539A0175}.Debug|iPhoneSimulator.ActiveCfg = Debug|iPhoneSimulator
		{DF425548-DD70-4B1B-A903-470D539A0175}.Debug|iPhoneSimulator.Build.0 = Debug|iPhoneSimulator
		{DF425548-DD70-4B1B-A903-470D539A0175}.Debug|x64.ActiveCfg = Debug|iPhoneSimulator
		{DF425548-DD70-4B1B-A903-470D539A0175}.Debug|x86.ActiveCfg = Debug|iPhoneSimulator
		{DF425548-DD70-4B1B-A903-470D539A0175}.Release|Any CPU.ActiveCfg = Release|iPhoneSimulator
		{DF425548-DD70-4B1B-A903-470D539A0175}.Release|ARM.ActiveCfg = Release|iPhoneSimulator
		{DF425548-DD70-4B1B-A903-470D539A0175}.Release|ARM64.ActiveCfg = Release|iPhoneSimulator
		{DF425548-DD70-4B1B-A903-470D539A0175}.Release|iPhone.ActiveCfg = Release|iPhoneSimulator
		{DF425548-DD70-4B1B-A903-470D539A0175}.Release|iPhoneSimulator.ActiveCfg = Release|iPhoneSimulator
		{DF425548-DD70-4B1B-A903-470D539A0175}.Release|iPhoneSimulator.Build.0 = Release|iPhoneSimulator
		{DF425548-DD70-4B1B-A903-470D539A0175}.Release|x64.ActiveCfg = Release|iPhoneSimulator
		{DF425548-DD70-4B1B-A903-470D539A0175}.Release|x86.ActiveCfg = Release|iPhoneSimulator
	EndGlobalSection
	GlobalSection(SolutionProperties) = preSolution
		HideSolutionNode = FALSE
	EndGlobalSection
	GlobalSection(ExtensibilityGlobals) = postSolution
		SolutionGuid = {DCB141F2-6784-4D3F-B000-0872A990422A}
	EndGlobalSection
EndGlobal
